// !$*UTF8*$!
{
	archiveVersion = 1;
	classes = {
	};
	objectVersion = 51;
	objects = {

/* Begin PBXBuildFile section */
		2DADE859FEAB85E20A2ADB4A /* Pods_Messenger.framework in Frameworks */ = {isa = PBXBuildFile; fileRef = C0890F84D0A1B13AB048DCFF /* Pods_Messenger.framework */; };
		3703AB0724A4EED400DBEA7B /* AppDelegate.swift in Sources */ = {isa = PBXBuildFile; fileRef = 3703AB0624A4EED400DBEA7B /* AppDelegate.swift */; };
		3703AB0924A4EED400DBEA7B /* SceneDelegate.swift in Sources */ = {isa = PBXBuildFile; fileRef = 3703AB0824A4EED400DBEA7B /* SceneDelegate.swift */; };
		3703AB0B24A4EED400DBEA7B /* ViewController.swift in Sources */ = {isa = PBXBuildFile; fileRef = 3703AB0A24A4EED400DBEA7B /* ViewController.swift */; };
		3703AB0E24A4EED400DBEA7B /* Main.storyboard in Resources */ = {isa = PBXBuildFile; fileRef = 3703AB0C24A4EED400DBEA7B /* Main.storyboard */; };
		3703AB1024A4EED400DBEA7B /* Assets.xcassets in Resources */ = {isa = PBXBuildFile; fileRef = 3703AB0F24A4EED400DBEA7B /* Assets.xcassets */; };
		3703AB1324A4EED400DBEA7B /* LaunchScreen.storyboard in Resources */ = {isa = PBXBuildFile; fileRef = 3703AB1124A4EED400DBEA7B /* LaunchScreen.storyboard */; };
		3704FDEE24A5ED27005D8020 /* ChatViewController.swift in Sources */ = {isa = PBXBuildFile; fileRef = 3704FDED24A5ED27005D8020 /* ChatViewController.swift */; };
		3704FDF024A5ED30005D8020 /* RegisterViewController.swift in Sources */ = {isa = PBXBuildFile; fileRef = 3704FDEF24A5ED30005D8020 /* RegisterViewController.swift */; };
		3704FDF224A5ED38005D8020 /* LoginViewController.swift in Sources */ = {isa = PBXBuildFile; fileRef = 3704FDF124A5ED38005D8020 /* LoginViewController.swift */; };
		3704FDF424A92A20005D8020 /* Message.swift in Sources */ = {isa = PBXBuildFile; fileRef = 3704FDF324A92A20005D8020 /* Message.swift */; };
		3704FDF624AA00FC005D8020 /* HomeViewController.swift in Sources */ = {isa = PBXBuildFile; fileRef = 3704FDF524AA00FC005D8020 /* HomeViewController.swift */; };
		3765A37724A5000800F5ACC4 /* GoogleService-Info.plist in Resources */ = {isa = PBXBuildFile; fileRef = 3765A37624A5000800F5ACC4 /* GoogleService-Info.plist */; };
		37B83F9424AB6EB500E4792D /* Utilities.swift in Sources */ = {isa = PBXBuildFile; fileRef = 37B83F9324AB6EB500E4792D /* Utilities.swift */; };
		37B83F9624AB702E00E4792D /* Constants.swift in Sources */ = {isa = PBXBuildFile; fileRef = 37B83F9524AB702E00E4792D /* Constants.swift */; };
		37B83F9824AB977000E4792D /* User.swift in Sources */ = {isa = PBXBuildFile; fileRef = 37B83F9724AB977000E4792D /* User.swift */; };
		37B83F9B24ABA7D000E4792D /* UserTableViewCell.swift in Sources */ = {isa = PBXBuildFile; fileRef = 37B83F9924ABA7D000E4792D /* UserTableViewCell.swift */; };
		37B83F9C24ABA7D000E4792D /* UserTableViewCell.xib in Resources */ = {isa = PBXBuildFile; fileRef = 37B83F9A24ABA7D000E4792D /* UserTableViewCell.xib */; };
		37B83FA324AD0F6500E4792D /* AddContactViewController.swift in Sources */ = {isa = PBXBuildFile; fileRef = 37B83FA224AD0F6500E4792D /* AddContactViewController.swift */; };
/* End PBXBuildFile section */

/* Begin PBXFileReference section */
		3703AB0324A4EED400DBEA7B /* Messenger.app */ = {isa = PBXFileReference; explicitFileType = wrapper.application; includeInIndex = 0; path = Messenger.app; sourceTree = BUILT_PRODUCTS_DIR; };
		3703AB0624A4EED400DBEA7B /* AppDelegate.swift */ = {isa = PBXFileReference; lastKnownFileType = sourcecode.swift; path = AppDelegate.swift; sourceTree = "<group>"; };
		3703AB0824A4EED400DBEA7B /* SceneDelegate.swift */ = {isa = PBXFileReference; lastKnownFileType = sourcecode.swift; path = SceneDelegate.swift; sourceTree = "<group>"; };
		3703AB0A24A4EED400DBEA7B /* ViewController.swift */ = {isa = PBXFileReference; lastKnownFileType = sourcecode.swift; path = ViewController.swift; sourceTree = "<group>"; };
		3703AB0D24A4EED400DBEA7B /* Base */ = {isa = PBXFileReference; lastKnownFileType = file.storyboard; name = Base; path = Base.lproj/Main.storyboard; sourceTree = "<group>"; };
		3703AB0F24A4EED400DBEA7B /* Assets.xcassets */ = {isa = PBXFileReference; lastKnownFileType = folder.assetcatalog; path = Assets.xcassets; sourceTree = "<group>"; };
		3703AB1224A4EED400DBEA7B /* Base */ = {isa = PBXFileReference; lastKnownFileType = file.storyboard; name = Base; path = Base.lproj/LaunchScreen.storyboard; sourceTree = "<group>"; };
		3703AB1424A4EED400DBEA7B /* Info.plist */ = {isa = PBXFileReference; lastKnownFileType = text.plist.xml; path = Info.plist; sourceTree = "<group>"; };
		3704FDED24A5ED27005D8020 /* ChatViewController.swift */ = {isa = PBXFileReference; lastKnownFileType = sourcecode.swift; path = ChatViewController.swift; sourceTree = "<group>"; };
		3704FDEF24A5ED30005D8020 /* RegisterViewController.swift */ = {isa = PBXFileReference; lastKnownFileType = sourcecode.swift; path = RegisterViewController.swift; sourceTree = "<group>"; };
		3704FDF124A5ED38005D8020 /* LoginViewController.swift */ = {isa = PBXFileReference; lastKnownFileType = sourcecode.swift; path = LoginViewController.swift; sourceTree = "<group>"; };
		3704FDF324A92A20005D8020 /* Message.swift */ = {isa = PBXFileReference; lastKnownFileType = sourcecode.swift; path = Message.swift; sourceTree = "<group>"; };
		3704FDF524AA00FC005D8020 /* HomeViewController.swift */ = {isa = PBXFileReference; lastKnownFileType = sourcecode.swift; path = HomeViewController.swift; sourceTree = "<group>"; };
		3765A37624A5000800F5ACC4 /* GoogleService-Info.plist */ = {isa = PBXFileReference; fileEncoding = 4; lastKnownFileType = text.plist.xml; name = "GoogleService-Info.plist"; path = "../../../../Downloads/GoogleService-Info.plist"; sourceTree = "<group>"; };
		37B83F9324AB6EB500E4792D /* Utilities.swift */ = {isa = PBXFileReference; lastKnownFileType = sourcecode.swift; path = Utilities.swift; sourceTree = "<group>"; };
		37B83F9524AB702E00E4792D /* Constants.swift */ = {isa = PBXFileReference; lastKnownFileType = sourcecode.swift; path = Constants.swift; sourceTree = "<group>"; };
		37B83F9724AB977000E4792D /* User.swift */ = {isa = PBXFileReference; lastKnownFileType = sourcecode.swift; path = User.swift; sourceTree = "<group>"; };
		37B83F9924ABA7D000E4792D /* UserTableViewCell.swift */ = {isa = PBXFileReference; lastKnownFileType = sourcecode.swift; path = UserTableViewCell.swift; sourceTree = "<group>"; };
		37B83F9A24ABA7D000E4792D /* UserTableViewCell.xib */ = {isa = PBXFileReference; lastKnownFileType = file.xib; path = UserTableViewCell.xib; sourceTree = "<group>"; };
		37B83FA224AD0F6500E4792D /* AddContactViewController.swift */ = {isa = PBXFileReference; lastKnownFileType = sourcecode.swift; path = AddContactViewController.swift; sourceTree = "<group>"; };
		62C965B30402280AB0E7EF64 /* Pods-Messenger.release.xcconfig */ = {isa = PBXFileReference; includeInIndex = 1; lastKnownFileType = text.xcconfig; name = "Pods-Messenger.release.xcconfig"; path = "Target Support Files/Pods-Messenger/Pods-Messenger.release.xcconfig"; sourceTree = "<group>"; };
		C0890F84D0A1B13AB048DCFF /* Pods_Messenger.framework */ = {isa = PBXFileReference; explicitFileType = wrapper.framework; includeInIndex = 0; path = Pods_Messenger.framework; sourceTree = BUILT_PRODUCTS_DIR; };
		EB72A307E184BA88752BBAC9 /* Pods-Messenger.debug.xcconfig */ = {isa = PBXFileReference; includeInIndex = 1; lastKnownFileType = text.xcconfig; name = "Pods-Messenger.debug.xcconfig"; path = "Target Support Files/Pods-Messenger/Pods-Messenger.debug.xcconfig"; sourceTree = "<group>"; };
/* End PBXFileReference section */

/* Begin PBXFrameworksBuildPhase section */
		3703AB0024A4EED400DBEA7B /* Frameworks */ = {
			isa = PBXFrameworksBuildPhase;
			buildActionMask = 2147483647;
			files = (
				2DADE859FEAB85E20A2ADB4A /* Pods_Messenger.framework in Frameworks */,
			);
			runOnlyForDeploymentPostprocessing = 0;
		};
/* End PBXFrameworksBuildPhase section */

/* Begin PBXGroup section */
		3703AAFA24A4EED400DBEA7B = {
			isa = PBXGroup;
			children = (
				3703AB0524A4EED400DBEA7B /* Messenger */,
				3703AB0424A4EED400DBEA7B /* Products */,
				780CBDC3C222D247CE5094D4 /* Pods */,
				F318F1B47A384741FB48BB12 /* Frameworks */,
			);
			sourceTree = "<group>";
		};
		3703AB0424A4EED400DBEA7B /* Products */ = {
			isa = PBXGroup;
			children = (
				3703AB0324A4EED400DBEA7B /* Messenger.app */,
			);
			name = Products;
			sourceTree = "<group>";
		};
		3703AB0524A4EED400DBEA7B /* Messenger */ = {
			isa = PBXGroup;
			children = (
				3704FDEC24A5EAC7005D8020 /* View Controllers */,
				37B83F9D24ABB21700E4792D /* UI */,
				3703AB0624A4EED400DBEA7B /* AppDelegate.swift */,
				3703AB0824A4EED400DBEA7B /* SceneDelegate.swift */,
				37B83F9724AB977000E4792D /* User.swift */,
				3704FDF324A92A20005D8020 /* Message.swift */,
				37B83F9324AB6EB500E4792D /* Utilities.swift */,
				37B83F9524AB702E00E4792D /* Constants.swift */,
				3703AB0C24A4EED400DBEA7B /* Main.storyboard */,
				3703AB0F24A4EED400DBEA7B /* Assets.xcassets */,
				3703AB1124A4EED400DBEA7B /* LaunchScreen.storyboard */,
				3703AB1424A4EED400DBEA7B /* Info.plist */,
				3765A37624A5000800F5ACC4 /* GoogleService-Info.plist */,
			);
			path = Messenger;
			sourceTree = "<group>";
		};
		3704FDEC24A5EAC7005D8020 /* View Controllers */ = {
			isa = PBXGroup;
			children = (
				3703AB0A24A4EED400DBEA7B /* ViewController.swift */,
				3704FDEF24A5ED30005D8020 /* RegisterViewController.swift */,
				3704FDED24A5ED27005D8020 /* ChatViewController.swift */,
				3704FDF124A5ED38005D8020 /* LoginViewController.swift */,
				3704FDF524AA00FC005D8020 /* HomeViewController.swift */,
				37B83FA224AD0F6500E4792D /* AddContactViewController.swift */,
			);
			path = "View Controllers";
			sourceTree = "<group>";
		};
		37B83F9D24ABB21700E4792D /* UI */ = {
			isa = PBXGroup;
			children = (
				37B83F9924ABA7D000E4792D /* UserTableViewCell.swift */,
				37B83F9A24ABA7D000E4792D /* UserTableViewCell.xib */,
			);
			path = UI;
			sourceTree = "<group>";
		};
		780CBDC3C222D247CE5094D4 /* Pods */ = {
			isa = PBXGroup;
			children = (
				EB72A307E184BA88752BBAC9 /* Pods-Messenger.debug.xcconfig */,
				62C965B30402280AB0E7EF64 /* Pods-Messenger.release.xcconfig */,
			);
			path = Pods;
			sourceTree = "<group>";
		};
		F318F1B47A384741FB48BB12 /* Frameworks */ = {
			isa = PBXGroup;
			children = (
				C0890F84D0A1B13AB048DCFF /* Pods_Messenger.framework */,
			);
			name = Frameworks;
			sourceTree = "<group>";
		};
/* End PBXGroup section */

/* Begin PBXNativeTarget section */
		3703AB0224A4EED400DBEA7B /* Messenger */ = {
			isa = PBXNativeTarget;
			buildConfigurationList = 3703AB1724A4EED400DBEA7B /* Build configuration list for PBXNativeTarget "Messenger" */;
			buildPhases = (
				8397C6A54E869FC4B5AB3BAA /* [CP] Check Pods Manifest.lock */,
				3703AAFF24A4EED400DBEA7B /* Sources */,
				3703AB0024A4EED400DBEA7B /* Frameworks */,
				3703AB0124A4EED400DBEA7B /* Resources */,
				FE3DF086A4BF4375B0805E80 /* [CP] Embed Pods Frameworks */,
			);
			buildRules = (
			);
			dependencies = (
			);
			name = Messenger;
			productName = Messenger;
			productReference = 3703AB0324A4EED400DBEA7B /* Messenger.app */;
			productType = "com.apple.product-type.application";
		};
/* End PBXNativeTarget section */

/* Begin PBXProject section */
		3703AAFB24A4EED400DBEA7B /* Project object */ = {
			isa = PBXProject;
			attributes = {
				LastSwiftUpdateCheck = 1150;
				LastUpgradeCheck = 1150;
				ORGANIZATIONNAME = "Zan Spiler";
				TargetAttributes = {
					3703AB0224A4EED400DBEA7B = {
						CreatedOnToolsVersion = 11.5;
					};
				};
			};
			buildConfigurationList = 3703AAFE24A4EED400DBEA7B /* Build configuration list for PBXProject "Messenger" */;
			compatibilityVersion = "Xcode 9.3";
			developmentRegion = en;
			hasScannedForEncodings = 0;
			knownRegions = (
				en,
				Base,
			);
			mainGroup = 3703AAFA24A4EED400DBEA7B;
			productRefGroup = 3703AB0424A4EED400DBEA7B /* Products */;
			projectDirPath = "";
			projectRoot = "";
			targets = (
				3703AB0224A4EED400DBEA7B /* Messenger */,
			);
		};
/* End PBXProject section */

/* Begin PBXResourcesBuildPhase section */
		3703AB0124A4EED400DBEA7B /* Resources */ = {
			isa = PBXResourcesBuildPhase;
			buildActionMask = 2147483647;
			files = (
				3703AB1324A4EED400DBEA7B /* LaunchScreen.storyboard in Resources */,
				3765A37724A5000800F5ACC4 /* GoogleService-Info.plist in Resources */,
				3703AB1024A4EED400DBEA7B /* Assets.xcassets in Resources */,
				3703AB0E24A4EED400DBEA7B /* Main.storyboard in Resources */,
				37B83F9C24ABA7D000E4792D /* UserTableViewCell.xib in Resources */,
			);
			runOnlyForDeploymentPostprocessing = 0;
		};
/* End PBXResourcesBuildPhase section */

/* Begin PBXShellScriptBuildPhase section */
		8397C6A54E869FC4B5AB3BAA /* [CP] Check Pods Manifest.lock */ = {
			isa = PBXShellScriptBuildPhase;
			buildActionMask = 2147483647;
			files = (
			);
			inputFileListPaths = (
			);
			inputPaths = (
				"${PODS_PODFILE_DIR_PATH}/Podfile.lock",
				"${PODS_ROOT}/Manifest.lock",
			);
			name = "[CP] Check Pods Manifest.lock";
			outputFileListPaths = (
			);
			outputPaths = (
				"$(DERIVED_FILE_DIR)/Pods-Messenger-checkManifestLockResult.txt",
			);
			runOnlyForDeploymentPostprocessing = 0;
			shellPath = /bin/sh;
			shellScript = "diff \"${PODS_PODFILE_DIR_PATH}/Podfile.lock\" \"${PODS_ROOT}/Manifest.lock\" > /dev/null\nif [ $? != 0 ] ; then\n    # print error to STDERR\n    echo \"error: The sandbox is not in sync with the Podfile.lock. Run 'pod install' or update your CocoaPods installation.\" >&2\n    exit 1\nfi\n# This output is used by Xcode 'outputs' to avoid re-running this script phase.\necho \"SUCCESS\" > \"${SCRIPT_OUTPUT_FILE_0}\"\n";
			showEnvVarsInLog = 0;
		};
		FE3DF086A4BF4375B0805E80 /* [CP] Embed Pods Frameworks */ = {
			isa = PBXShellScriptBuildPhase;
			buildActionMask = 2147483647;
			files = (
			);
			inputFileListPaths = (
				"${PODS_ROOT}/Target Support Files/Pods-Messenger/Pods-Messenger-frameworks-${CONFIGURATION}-input-files.xcfilelist",
			);
			name = "[CP] Embed Pods Frameworks";
			outputFileListPaths = (
				"${PODS_ROOT}/Target Support Files/Pods-Messenger/Pods-Messenger-frameworks-${CONFIGURATION}-output-files.xcfilelist",
			);
			runOnlyForDeploymentPostprocessing = 0;
			shellPath = /bin/sh;
			shellScript = "\"${PODS_ROOT}/Target Support Files/Pods-Messenger/Pods-Messenger-frameworks.sh\"\n";
			showEnvVarsInLog = 0;
		};
/* End PBXShellScriptBuildPhase section */

/* Begin PBXSourcesBuildPhase section */
		3703AAFF24A4EED400DBEA7B /* Sources */ = {
			isa = PBXSourcesBuildPhase;
			buildActionMask = 2147483647;
			files = (
				3704FDF224A5ED38005D8020 /* LoginViewController.swift in Sources */,
				3703AB0B24A4EED400DBEA7B /* ViewController.swift in Sources */,
				3704FDF024A5ED30005D8020 /* RegisterViewController.swift in Sources */,
				3704FDF624AA00FC005D8020 /* HomeViewController.swift in Sources */,
				37B83F9B24ABA7D000E4792D /* UserTableViewCell.swift in Sources */,
				3703AB0724A4EED400DBEA7B /* AppDelegate.swift in Sources */,
				37B83F9624AB702E00E4792D /* Constants.swift in Sources */,
				3703AB0924A4EED400DBEA7B /* SceneDelegate.swift in Sources */,
				37B83FA324AD0F6500E4792D /* AddContactViewController.swift in Sources */,
				37B83F9424AB6EB500E4792D /* Utilities.swift in Sources */,
				3704FDEE24A5ED27005D8020 /* ChatViewController.swift in Sources */,
				3704FDF424A92A20005D8020 /* Message.swift in Sources */,
				37B83F9824AB977000E4792D /* User.swift in Sources */,
			);
			runOnlyForDeploymentPostprocessing = 0;
		};
/* End PBXSourcesBuildPhase section */

/* Begin PBXVariantGroup section */
		3703AB0C24A4EED400DBEA7B /* Main.storyboard */ = {
			isa = PBXVariantGroup;
			children = (
				3703AB0D24A4EED400DBEA7B /* Base */,
			);
			name = Main.storyboard;
			sourceTree = "<group>";
		};
		3703AB1124A4EED400DBEA7B /* LaunchScreen.storyboard */ = {
			isa = PBXVariantGroup;
			children = (
				3703AB1224A4EED400DBEA7B /* Base */,
			);
			name = LaunchScreen.storyboard;
			sourceTree = "<group>";
		};
/* End PBXVariantGroup section */

/* Begin XCBuildConfiguration section */
		3703AB1524A4EED400DBEA7B /* Debug */ = {
			isa = XCBuildConfiguration;
			buildSettings = {
				ALWAYS_SEARCH_USER_PATHS = NO;
				CLANG_ANALYZER_NONNULL = YES;
				CLANG_ANALYZER_NUMBER_OBJECT_CONVERSION = YES_AGGRESSIVE;
				CLANG_CXX_LANGUAGE_STANDARD = "gnu++14";
				CLANG_CXX_LIBRARY = "libc++";
				CLANG_ENABLE_MODULES = YES;
				CLANG_ENABLE_OBJC_ARC = YES;
				CLANG_ENABLE_OBJC_WEAK = YES;
				CLANG_WARN_BLOCK_CAPTURE_AUTORELEASING = YES;
				CLANG_WARN_BOOL_CONVERSION = YES;
				CLANG_WARN_COMMA = YES;
				CLANG_WARN_CONSTANT_CONVERSION = YES;
				CLANG_WARN_DEPRECATED_OBJC_IMPLEMENTATIONS = YES;
				CLANG_WARN_DIRECT_OBJC_ISA_USAGE = YES_ERROR;
				CLANG_WARN_DOCUMENTATION_COMMENTS = YES;
				CLANG_WARN_EMPTY_BODY = YES;
				CLANG_WARN_ENUM_CONVERSION = YES;
				CLANG_WARN_INFINITE_RECURSION = YES;
				CLANG_WARN_INT_CONVERSION = YES;
				CLANG_WARN_NON_LITERAL_NULL_CONVERSION = YES;
				CLANG_WARN_OBJC_IMPLICIT_RETAIN_SELF = YES;
				CLANG_WARN_OBJC_LITERAL_CONVERSION = YES;
				CLANG_WARN_OBJC_ROOT_CLASS = YES_ERROR;
				CLANG_WARN_RANGE_LOOP_ANALYSIS = YES;
				CLANG_WARN_STRICT_PROTOTYPES = YES;
				CLANG_WARN_SUSPICIOUS_MOVE = YES;
				CLANG_WARN_UNGUARDED_AVAILABILITY = YES_AGGRESSIVE;
				CLANG_WARN_UNREACHABLE_CODE = YES;
				CLANG_WARN__DUPLICATE_METHOD_MATCH = YES;
				COPY_PHASE_STRIP = NO;
				DEBUG_INFORMATION_FORMAT = dwarf;
				ENABLE_STRICT_OBJC_MSGSEND = YES;
				ENABLE_TESTABILITY = YES;
				GCC_C_LANGUAGE_STANDARD = gnu11;
				GCC_DYNAMIC_NO_PIC = NO;
				GCC_NO_COMMON_BLOCKS = YES;
				GCC_OPTIMIZATION_LEVEL = 0;
				GCC_PREPROCESSOR_DEFINITIONS = (
					"DEBUG=1",
					"$(inherited)",
				);
				GCC_WARN_64_TO_32_BIT_CONVERSION = YES;
				GCC_WARN_ABOUT_RETURN_TYPE = YES_ERROR;
				GCC_WARN_UNDECLARED_SELECTOR = YES;
				GCC_WARN_UNINITIALIZED_AUTOS = YES_AGGRESSIVE;
				GCC_WARN_UNUSED_FUNCTION = YES;
				GCC_WARN_UNUSED_VARIABLE = YES;
				IPHONEOS_DEPLOYMENT_TARGET = 13.5;
				MTL_ENABLE_DEBUG_INFO = INCLUDE_SOURCE;
				MTL_FAST_MATH = YES;
				ONLY_ACTIVE_ARCH = YES;
				SDKROOT = iphoneos;
				SWIFT_ACTIVE_COMPILATION_CONDITIONS = DEBUG;
				SWIFT_OPTIMIZATION_LEVEL = "-Onone";
			};
			name = Debug;
		};
		3703AB1624A4EED400DBEA7B /* Release */ = {
			isa = XCBuildConfiguration;
			buildSettings = {
				ALWAYS_SEARCH_USER_PATHS = NO;
				CLANG_ANALYZER_NONNULL = YES;
				CLANG_ANALYZER_NUMBER_OBJECT_CONVERSION = YES_AGGRESSIVE;
				CLANG_CXX_LANGUAGE_STANDARD = "gnu++14";
				CLANG_CXX_LIBRARY = "libc++";
				CLANG_ENABLE_MODULES = YES;
				CLANG_ENABLE_OBJC_ARC = YES;
				CLANG_ENABLE_OBJC_WEAK = YES;
				CLANG_WARN_BLOCK_CAPTURE_AUTORELEASING = YES;
				CLANG_WARN_BOOL_CONVERSION = YES;
				CLANG_WARN_COMMA = YES;
				CLANG_WARN_CONSTANT_CONVERSION = YES;
				CLANG_WARN_DEPRECATED_OBJC_IMPLEMENTATIONS = YES;
				CLANG_WARN_DIRECT_OBJC_ISA_USAGE = YES_ERROR;
				CLANG_WARN_DOCUMENTATION_COMMENTS = YES;
				CLANG_WARN_EMPTY_BODY = YES;
				CLANG_WARN_ENUM_CONVERSION = YES;
				CLANG_WARN_INFINITE_RECURSION = YES;
				CLANG_WARN_INT_CONVERSION = YES;
				CLANG_WARN_NON_LITERAL_NULL_CONVERSION = YES;
				CLANG_WARN_OBJC_IMPLICIT_RETAIN_SELF = YES;
				CLANG_WARN_OBJC_LITERAL_CONVERSION = YES;
				CLANG_WARN_OBJC_ROOT_CLASS = YES_ERROR;
				CLANG_WARN_RANGE_LOOP_ANALYSIS = YES;
				CLANG_WARN_STRICT_PROTOTYPES = YES;
				CLANG_WARN_SUSPICIOUS_MOVE = YES;
				CLANG_WARN_UNGUARDED_AVAILABILITY = YES_AGGRESSIVE;
				CLANG_WARN_UNREACHABLE_CODE = YES;
				CLANG_WARN__DUPLICATE_METHOD_MATCH = YES;
				COPY_PHASE_STRIP = NO;
				DEBUG_INFORMATION_FORMAT = "dwarf-with-dsym";
				ENABLE_NS_ASSERTIONS = NO;
				ENABLE_STRICT_OBJC_MSGSEND = YES;
				GCC_C_LANGUAGE_STANDARD = gnu11;
				GCC_NO_COMMON_BLOCKS = YES;
				GCC_WARN_64_TO_32_BIT_CONVERSION = YES;
				GCC_WARN_ABOUT_RETURN_TYPE = YES_ERROR;
				GCC_WARN_UNDECLARED_SELECTOR = YES;
				GCC_WARN_UNINITIALIZED_AUTOS = YES_AGGRESSIVE;
				GCC_WARN_UNUSED_FUNCTION = YES;
				GCC_WARN_UNUSED_VARIABLE = YES;
				IPHONEOS_DEPLOYMENT_TARGET = 13.5;
				MTL_ENABLE_DEBUG_INFO = NO;
				MTL_FAST_MATH = YES;
				SDKROOT = iphoneos;
				SWIFT_COMPILATION_MODE = wholemodule;
				SWIFT_OPTIMIZATION_LEVEL = "-O";
				VALIDATE_PRODUCT = YES;
			};
			name = Release;
		};
		3703AB1824A4EED400DBEA7B /* Debug */ = {
			isa = XCBuildConfiguration;
			baseConfigurationReference = EB72A307E184BA88752BBAC9 /* Pods-Messenger.debug.xcconfig */;
			buildSettings = {
				ASSETCATALOG_COMPILER_APPICON_NAME = AppIcon;
				CODE_SIGN_STYLE = Automatic;
				DEVELOPMENT_TEAM = DYF8474YJX;
				INFOPLIST_FILE = Messenger/Info.plist;
				LD_RUNPATH_SEARCH_PATHS = (
					"$(inherited)",
					"@executable_path/Frameworks",
				);
				PRODUCT_BUNDLE_IDENTIFIER = com.zanspilercorp.Messenger;
				PRODUCT_NAME = "$(TARGET_NAME)";
				SWIFT_VERSION = 5.0;
				TARGETED_DEVICE_FAMILY = "1,2";
			};
			name = Debug;
		};
		3703AB1924A4EED400DBEA7B /* Release */ = {
			isa = XCBuildConfiguration;
			baseConfigurationReference = 62C965B30402280AB0E7EF64 /* Pods-Messenger.release.xcconfig */;
			buildSettings = {
				ASSETCATALOG_COMPILER_APPICON_NAME = AppIcon;
				CODE_SIGN_STYLE = Automatic;
				DEVELOPMENT_TEAM = DYF8474YJX;
				INFOPLIST_FILE = Messenger/Info.plist;
				LD_RUNPATH_SEARCH_PATHS = (
					"$(inherited)",
					"@executable_path/Frameworks",
				);
				PRODUCT_BUNDLE_IDENTIFIER = com.zanspilercorp.Messenger;
				PRODUCT_NAME = "$(TARGET_NAME)";
				SWIFT_VERSION = 5.0;
				TARGETED_DEVICE_FAMILY = "1,2";
			};
			name = Release;
		};
/* End XCBuildConfiguration section */

/* Begin XCConfigurationList section */
		3703AAFE24A4EED400DBEA7B /* Build configuration list for PBXProject "Messenger" */ = {
			isa = XCConfigurationList;
			buildConfigurations = (
				3703AB1524A4EED400DBEA7B /* Debug */,
				3703AB1624A4EED400DBEA7B /* Release */,
			);
			defaultConfigurationIsVisible = 0;
			defaultConfigurationName = Release;
		};
		3703AB1724A4EED400DBEA7B /* Build configuration list for PBXNativeTarget "Messenger" */ = {
			isa = XCConfigurationList;
			buildConfigurations = (
				3703AB1824A4EED400DBEA7B /* Debug */,
				3703AB1924A4EED400DBEA7B /* Release */,
			);
			defaultConfigurationIsVisible = 0;
			defaultConfigurationName = Release;
		};
/* End XCConfigurationList section */
	};
	rootObject = 3703AAFB24A4EED400DBEA7B /* Project object */;
}
